// !$*UTF8*$!
{
	archiveVersion = 1;
	classes = {
	};
	objectVersion = 56;
	objects = {

/* Begin PBXBuildFile section */
		A1000001266B0001000A0001 /* LongerDaysApp.swift in Sources */ = {isa = PBXBuildFile; fileRef = A1000002266B0001000A0001 /* LongerDaysApp.swift */; };
		A1000003266B0001000A0001 /* ContentView.swift in Sources */ = {isa = PBXBuildFile; fileRef = A1000004266B0001000A0001 /* ContentView.swift */; };
		A1000005266B0001000A0001 /* Assets.xcassets in Resources */ = {isa = PBXBuildFile; fileRef = A1000006266B0001000A0001 /* Assets.xcassets */; };
		A1000007266B0001000A0001 /* SolarCalculator.swift in Sources */ = {isa = PBXBuildFile; fileRef = A1000008266B0001000A0001 /* SolarCalculator.swift */; };
		A1000009266B0001000A0001 /* LocationManager.swift in Sources */ = {isa = PBXBuildFile; fileRef = A100000A266B0001000A0001 /* LocationManager.swift */; };
		A100000B266B0001000A0001 /* NotificationManager.swift in Sources */ = {isa = PBXBuildFile; fileRef = A100000C266B0001000A0001 /* NotificationManager.swift */; };
		A100000D266B0001000A0001 /* DaylightData.swift in Sources */ = {isa = PBXBuildFile; fileRef = A100000E266B0001000A0001 /* DaylightData.swift */; };
		A100000F266B0001000A0001 /* UserPreferences.swift in Sources */ = {isa = PBXBuildFile; fileRef = A1000010266B0001000A0001 /* UserPreferences.swift */; };
		A1000011266B0001000A0001 /* SolsticeInfo.swift in Sources */ = {isa = PBXBuildFile; fileRef = A1000012266B0001000A0001 /* SolsticeInfo.swift */; };
		A1000013266B0001000A0001 /* LocationPickerView.swift in Sources */ = {isa = PBXBuildFile; fileRef = A1000014266B0001000A0001 /* LocationPickerView.swift */; };
/* End PBXBuildFile section */

/* Begin PBXFileReference section */
		A1000002266B0001000A0001 /* LongerDaysApp.swift */ = {isa = PBXFileReference; lastKnownFileType = sourcecode.swift; path = LongerDaysApp.swift; sourceTree = "<group>"; };
		A1000004266B0001000A0001 /* ContentView.swift */ = {isa = PBXFileReference; lastKnownFileType = sourcecode.swift; path = ContentView.swift; sourceTree = "<group>"; };
		A1000006266B0001000A0001 /* Assets.xcassets */ = {isa = PBXFileReference; lastKnownFileType = folder.assetcatalog; path = Assets.xcassets; sourceTree = "<group>"; };
		A1000008266B0001000A0001 /* SolarCalculator.swift */ = {isa = PBXFileReference; lastKnownFileType = sourcecode.swift; path = SolarCalculator.swift; sourceTree = "<group>"; };
		A100000A266B0001000A0001 /* LocationManager.swift */ = {isa = PBXFileReference; lastKnownFileType = sourcecode.swift; path = LocationManager.swift; sourceTree = "<group>"; };
		A100000C266B0001000A0001 /* NotificationManager.swift */ = {isa = PBXFileReference; lastKnownFileType = sourcecode.swift; path = NotificationManager.swift; sourceTree = "<group>"; };
		A100000E266B0001000A0001 /* DaylightData.swift */ = {isa = PBXFileReference; lastKnownFileType = sourcecode.swift; path = DaylightData.swift; sourceTree = "<group>"; };
		A1000010266B0001000A0001 /* UserPreferences.swift */ = {isa = PBXFileReference; lastKnownFileType = sourcecode.swift; path = UserPreferences.swift; sourceTree = "<group>"; };
		A1000012266B0001000A0001 /* SolsticeInfo.swift */ = {isa = PBXFileReference; lastKnownFileType = sourcecode.swift; path = SolsticeInfo.swift; sourceTree = "<group>"; };
		A1000014266B0001000A0001 /* LocationPickerView.swift */ = {isa = PBXFileReference; lastKnownFileType = sourcecode.swift; path = LocationPickerView.swift; sourceTree = "<group>"; };
		A1000015266B0001000A0001 /* Info.plist */ = {isa = PBXFileReference; lastKnownFileType = text.plist.xml; path = Info.plist; sourceTree = "<group>"; };
		A1000020266B0001000A0001 /* LongerDays.app */ = {isa = PBXFileReference; explicitFileType = wrapper.application; includeInIndex = 0; path = LongerDays.app; sourceTree = BUILT_PRODUCTS_DIR; };
/* End PBXFileReference section */

/* Begin PBXFrameworksBuildPhase section */
		A100001D266B0001000A0001 /* Frameworks */ = {
			isa = PBXFrameworksBuildPhase;
			buildActionMask = 2147483647;
			files = (
			);
			runOnlyForDeploymentPostprocessing = 0;
		};
/* End PBXFrameworksBuildPhase section */

/* Begin PBXGroup section */
		A1000021266B0001000A0001 = {
			isa = PBXGroup;
			children = (
				A1000022266B0001000A0001 /* LongerDays */,
				A1000023266B0001000A0001 /* Products */,
			);
			sourceTree = "<group>";
		};
		A1000022266B0001000A0001 /* LongerDays */ = {
			isa = PBXGroup;
			children = (
				A1000002266B0001000A0001 /* LongerDaysApp.swift */,
				A1000024266B0001000A0001 /* Models */,
				A1000025266B0001000A0001 /* Services */,
				A1000026266B0001000A0001 /* Views */,
				A1000027266B0001000A0001 /* Resources */,
				A1000015266B0001000A0001 /* Info.plist */,
			);
			path = LongerDays;
			sourceTree = "<group>";
		};
		A1000023266B0001000A0001 /* Products */ = {
			isa = PBXGroup;
			children = (
				A1000020266B0001000A0001 /* LongerDays.app */,
			);
			name = Products;
			sourceTree = "<group>";
		};
		A1000024266B0001000A0001 /* Models */ = {
			isa = PBXGroup;
			children = (
				A100000E266B0001000A0001 /* DaylightData.swift */,
				A1000010266B0001000A0001 /* UserPreferences.swift */,
				A1000012266B0001000A0001 /* SolsticeInfo.swift */,
			);
			path = Models;
			sourceTree = "<group>";
		};
		A1000025266B0001000A0001 /* Services */ = {
			isa = PBXGroup;
			children = (
				A1000008266B0001000A0001 /* SolarCalculator.swift */,
				A100000A266B0001000A0001 /* LocationManager.swift */,
				A100000C266B0001000A0001 /* NotificationManager.swift */,
			);
			path = Services;
			sourceTree = "<group>";
		};
		A1000026266B0001000A0001 /* Views */ = {
			isa = PBXGroup;
			children = (
				A1000004266B0001000A0001 /* ContentView.swift */,
				A1000014266B0001000A0001 /* LocationPickerView.swift */,
			);
			path = Views;
			sourceTree = "<group>";
		};
		A1000027266B0001000A0001 /* Resources */ = {
			isa = PBXGroup;
			children = (
				A1000006266B0001000A0001 /* Assets.xcassets */,
			);
			path = Resources;
			sourceTree = "<group>";
		};
/* End PBXGroup section */

/* Begin PBXNativeTarget section */
		A100001F266B0001000A0001 /* LongerDays */ = {
			isa = PBXNativeTarget;
			buildConfigurationList = A1000028266B0001000A0001 /* Build configuration list for PBXNativeTarget "LongerDays" */;
			buildPhases = (
				A100001C266B0001000A0001 /* Sources */,
				A100001D266B0001000A0001 /* Frameworks */,
				A100001E266B0001000A0001 /* Resources */,
			);
			buildRules = (
			);
			dependencies = (
			);
			name = LongerDays;
			productName = LongerDays;
			productReference = A1000020266B0001000A0001 /* LongerDays.app */;
			productType = "com.apple.product-type.application";
		};
/* End PBXNativeTarget section */

/* Begin PBXProject section */
		A100002A266B0001000A0001 /* Project object */ = {
			isa = PBXProject;
			attributes = {
				BuildIndependentTargetsInParallel = 1;
				LastSwiftUpdateCheck = 1500;
				LastUpgradeCheck = 2620;
				TargetAttributes = {
					A100001F266B0001000A0001 = {
						CreatedOnToolsVersion = 15.0;
					};
				};
			};
			buildConfigurationList = A100002B266B0001000A0001 /* Build configuration list for PBXProject "LongerDays" */;
			compatibilityVersion = "Xcode 14.0";
			developmentRegion = en;
			hasScannedForEncodings = 0;
			knownRegions = (
				en,
				Base,
			);
			mainGroup = A1000021266B0001000A0001;
			productRefGroup = A1000023266B0001000A0001 /* Products */;
			projectDirPath = "";
			projectRoot = "";
			targets = (
				A100001F266B0001000A0001 /* LongerDays */,
			);
		};
/* End PBXProject section */

/* Begin PBXResourcesBuildPhase section */
		A100001E266B0001000A0001 /* Resources */ = {
			isa = PBXResourcesBuildPhase;
			buildActionMask = 2147483647;
			files = (
				A1000005266B0001000A0001 /* Assets.xcassets in Resources */,
			);
			runOnlyForDeploymentPostprocessing = 0;
		};
/* End PBXResourcesBuildPhase section */

/* Begin PBXSourcesBuildPhase section */
		A100001C266B0001000A0001 /* Sources */ = {
			isa = PBXSourcesBuildPhase;
			buildActionMask = 2147483647;
			files = (
				A1000001266B0001000A0001 /* LongerDaysApp.swift in Sources */,
				A1000003266B0001000A0001 /* ContentView.swift in Sources */,
				A1000007266B0001000A0001 /* SolarCalculator.swift in Sources */,
				A1000009266B0001000A0001 /* LocationManager.swift in Sources */,
				A100000B266B0001000A0001 /* NotificationManager.swift in Sources */,
				A100000D266B0001000A0001 /* DaylightData.swift in Sources */,
				A100000F266B0001000A0001 /* UserPreferences.swift in Sources */,
				A1000011266B0001000A0001 /* SolsticeInfo.swift in Sources */,
				A1000013266B0001000A0001 /* LocationPickerView.swift in Sources */,
			);
			runOnlyForDeploymentPostprocessing = 0;
		};
/* End PBXSourcesBuildPhase section */

/* Begin XCBuildConfiguration section */
		A100002C266B0001000A0001 /* Debug */ = {
			isa = XCBuildConfiguration;
			buildSettings = {
				ALWAYS_SEARCH_USER_PATHS = NO;
				ASSETCATALOG_COMPILER_GENERATE_SWIFT_ASSET_SYMBOL_EXTENSIONS = YES;
				CLANG_ANALYZER_NONNULL = YES;
				CLANG_ANALYZER_NUMBER_OBJECT_CONVERSION = YES_AGGRESSIVE;
				CLANG_CXX_LANGUAGE_STANDARD = "gnu++20";
				CLANG_ENABLE_MODULES = YES;
				CLANG_ENABLE_OBJC_ARC = YES;
				CLANG_ENABLE_OBJC_WEAK = YES;
				CLANG_WARN_BLOCK_CAPTURE_AUTORELEASING = YES;
				CLANG_WARN_BOOL_CONVERSION = YES;
				CLANG_WARN_COMMA = YES;
				CLANG_WARN_CONSTANT_CONVERSION = YES;
				CLANG_WARN_DEPRECATED_OBJC_IMPLEMENTATIONS = YES;
				CLANG_WARN_DIRECT_OBJC_ISA_USAGE = YES_ERROR;
				CLANG_WARN_DOCUMENTATION_COMMENTS = YES;
				CLANG_WARN_EMPTY_BODY = YES;
				CLANG_WARN_ENUM_CONVERSION = YES;
				CLANG_WARN_INFINITE_RECURSION = YES;
				CLANG_WARN_INT_CONVERSION = YES;
				CLANG_WARN_NON_LITERAL_NULL_CONVERSION = YES;
				CLANG_WARN_OBJC_IMPLICIT_RETAIN_SELF = YES;
				CLANG_WARN_OBJC_LITERAL_CONVERSION = YES;
				CLANG_WARN_OBJC_ROOT_CLASS = YES_ERROR;
				CLANG_WARN_QUOTED_INCLUDE_IN_FRAMEWORK_HEADER = YES;
				CLANG_WARN_RANGE_LOOP_ANALYSIS = YES;
				CLANG_WARN_STRICT_PROTOTYPES = YES;
				CLANG_WARN_SUSPICIOUS_MOVE = YES;
				CLANG_WARN_UNGUARDED_AVAILABILITY = YES_AGGRESSIVE;
				CLANG_WARN_UNREACHABLE_CODE = YES;
				CLANG_WARN__DUPLICATE_METHOD_MATCH = YES;
				COPY_PHASE_STRIP = NO;
				DEBUG_INFORMATION_FORMAT = dwarf;
				DEVELOPMENT_TEAM = 8R247H5M5H;
				ENABLE_STRICT_OBJC_MSGSEND = YES;
				ENABLE_TESTABILITY = YES;
				ENABLE_USER_SCRIPT_SANDBOXING = YES;
				GCC_C_LANGUAGE_STANDARD = gnu17;
				GCC_DYNAMIC_NO_PIC = NO;
				GCC_NO_COMMON_BLOCKS = YES;
				GCC_OPTIMIZATION_LEVEL = 0;
				GCC_PREPROCESSOR_DEFINITIONS = (
					"DEBUG=1",
					"$(inherited)",
				);
				GCC_WARN_64_TO_32_BIT_CONVERSION = YES;
				GCC_WARN_ABOUT_RETURN_TYPE = YES_ERROR;
				GCC_WARN_UNDECLARED_SELECTOR = YES;
				GCC_WARN_UNINITIALIZED_AUTOS = YES_AGGRESSIVE;
				GCC_WARN_UNUSED_FUNCTION = YES;
				GCC_WARN_UNUSED_VARIABLE = YES;
				IPHONEOS_DEPLOYMENT_TARGET = 17.0;
				LOCALIZATION_PREFERS_STRING_CATALOGS = YES;
				MTL_ENABLE_DEBUG_INFO = INCLUDE_SOURCE;
				MTL_FAST_MATH = YES;
				ONLY_ACTIVE_ARCH = YES;
				SDKROOT = iphoneos;
				STRING_CATALOG_GENERATE_SYMBOLS = YES;
				SWIFT_ACTIVE_COMPILATION_CONDITIONS = "DEBUG $(inherited)";
				SWIFT_OPTIMIZATION_LEVEL = "-Onone";
			};
			name = Debug;
		};
		A100002D266B0001000A0001 /* Release */ = {
			isa = XCBuildConfiguration;
			buildSettings = {
				ALWAYS_SEARCH_USER_PATHS = NO;
				ASSETCATALOG_COMPILER_GENERATE_SWIFT_ASSET_SYMBOL_EXTENSIONS = YES;
				CLANG_ANALYZER_NONNULL = YES;
				CLANG_ANALYZER_NUMBER_OBJECT_CONVERSION = YES_AGGRESSIVE;
				CLANG_CXX_LANGUAGE_STANDARD = "gnu++20";
				CLANG_ENABLE_MODULES = YES;
				CLANG_ENABLE_OBJC_ARC = YES;
				CLANG_ENABLE_OBJC_WEAK = YES;
				CLANG_WARN_BLOCK_CAPTURE_AUTORELEASING = YES;
				CLANG_WARN_BOOL_CONVERSION = YES;
				CLANG_WARN_COMMA = YES;
				CLANG_WARN_CONSTANT_CONVERSION = YES;
				CLANG_WARN_DEPRECATED_OBJC_IMPLEMENTATIONS = YES;
				CLANG_WARN_DIRECT_OBJC_ISA_USAGE = YES_ERROR;
				CLANG_WARN_DOCUMENTATION_COMMENTS = YES;
				CLANG_WARN_EMPTY_BODY = YES;
				CLANG_WARN_ENUM_CONVERSION = YES;
				CLANG_WARN_INFINITE_RECURSION = YES;
				CLANG_WARN_INT_CONVERSION = YES;
				CLANG_WARN_NON_LITERAL_NULL_CONVERSION = YES;
				CLANG_WARN_OBJC_IMPLICIT_RETAIN_SELF = YES;
				CLANG_WARN_OBJC_LITERAL_CONVERSION = YES;
				CLANG_WARN_OBJC_ROOT_CLASS = YES_ERROR;
				CLANG_WARN_QUOTED_INCLUDE_IN_FRAMEWORK_HEADER = YES;
				CLANG_WARN_RANGE_LOOP_ANALYSIS = YES;
				CLANG_WARN_STRICT_PROTOTYPES = YES;
				CLANG_WARN_SUSPICIOUS_MOVE = YES;
				CLANG_WARN_UNGUARDED_AVAILABILITY = YES_AGGRESSIVE;
				CLANG_WARN_UNREACHABLE_CODE = YES;
				CLANG_WARN__DUPLICATE_METHOD_MATCH = YES;
				COPY_PHASE_STRIP = NO;
				DEBUG_INFORMATION_FORMAT = "dwarf-with-dsym";
				DEVELOPMENT_TEAM = 8R247H5M5H;
				ENABLE_NS_ASSERTIONS = NO;
				ENABLE_STRICT_OBJC_MSGSEND = YES;
				ENABLE_USER_SCRIPT_SANDBOXING = YES;
				GCC_C_LANGUAGE_STANDARD = gnu17;
				GCC_NO_COMMON_BLOCKS = YES;
				GCC_WARN_64_TO_32_BIT_CONVERSION = YES;
				GCC_WARN_ABOUT_RETURN_TYPE = YES_ERROR;
				GCC_WARN_UNDECLARED_SELECTOR = YES;
				GCC_WARN_UNINITIALIZED_AUTOS = YES_AGGRESSIVE;
				GCC_WARN_UNUSED_FUNCTION = YES;
				GCC_WARN_UNUSED_VARIABLE = YES;
				IPHONEOS_DEPLOYMENT_TARGET = 17.0;
				LOCALIZATION_PREFERS_STRING_CATALOGS = YES;
				MTL_ENABLE_DEBUG_INFO = NO;
				MTL_FAST_MATH = YES;
				SDKROOT = iphoneos;
				STRING_CATALOG_GENERATE_SYMBOLS = YES;
				SWIFT_COMPILATION_MODE = wholemodule;
				VALIDATE_PRODUCT = YES;
			};
			name = Release;
		};
		A100002E266B0001000A0001 /* Debug */ = {
			isa = XCBuildConfiguration;
			buildSettings = {
				ASSETCATALOG_COMPILER_APPICON_NAME = AppIcon;
				ASSETCATALOG_COMPILER_GLOBAL_ACCENT_COLOR_NAME = AccentColor;
				CODE_SIGN_STYLE = Automatic;
				CURRENT_PROJECT_VERSION = 1;
				DEVELOPMENT_ASSET_PATHS = "";
				ENABLE_PREVIEWS = YES;
				GENERATE_INFOPLIST_FILE = YES;
				INFOPLIST_FILE = LongerDays/Info.plist;
				INFOPLIST_KEY_CFBundleDisplayName = "Longer Days";
				INFOPLIST_KEY_LSApplicationCategoryType = "public.app-category.weather";
				INFOPLIST_KEY_UIApplicationSceneManifest_Generation = YES;
				INFOPLIST_KEY_UIApplicationSupportsIndirectInputEvents = YES;
				INFOPLIST_KEY_UILaunchScreen_Generation = YES;
				INFOPLIST_KEY_UISupportedInterfaceOrientations = UIInterfaceOrientationPortrait;
				INFOPLIST_KEY_UISupportedInterfaceOrientations_iPad = "UIInterfaceOrientationLandscapeLeft UIInterfaceOrientationLandscapeRight UIInterfaceOrientationPortrait UIInterfaceOrientationPortraitUpsideDown";
				LD_RUNPATH_SEARCH_PATHS = (
					"$(inherited)",
					"@executable_path/Frameworks",
				);
				MARKETING_VERSION = 1.0;
				PRODUCT_BUNDLE_IDENTIFIER = com.longerdays.app;
				PRODUCT_NAME = "$(TARGET_NAME)";
				SWIFT_EMIT_LOC_STRINGS = YES;
				SWIFT_VERSION = 5.0;
				TARGETED_DEVICE_FAMILY = "1,2";
			};
			name = Debug;
		};
		A100002F266B0001000A0001 /* Release */ = {
			isa = XCBuildConfiguration;
			buildSettings = {
				ASSETCATALOG_COMPILER_APPICON_NAME = AppIcon;
				ASSETCATALOG_COMPILER_GLOBAL_ACCENT_COLOR_NAME = AccentColor;
				CODE_SIGN_STYLE = Automatic;
				CURRENT_PROJECT_VERSION = 1;
				DEVELOPMENT_ASSET_PATHS = "";
				ENABLE_PREVIEWS = YES;
				GENERATE_INFOPLIST_FILE = YES;
				INFOPLIST_FILE = LongerDays/Info.plist;
				INFOPLIST_KEY_CFBundleDisplayName = "Longer Days";
				INFOPLIST_KEY_LSApplicationCategoryType = "public.app-category.weather";
				INFOPLIST_KEY_UIApplicationSceneManifest_Generation = YES;
				INFOPLIST_KEY_UIApplicationSupportsIndirectInputEvents = YES;
				INFOPLIST_KEY_UILaunchScreen_Generation = YES;
				INFOPLIST_KEY_UISupportedInterfaceOrientations = UIInterfaceOrientationPortrait;
				INFOPLIST_KEY_UISupportedInterfaceOrientations_iPad = "UIInterfaceOrientationLandscapeLeft UIInterfaceOrientationLandscapeRight UIInterfaceOrientationPortrait UIInterfaceOrientationPortraitUpsideDown";
				LD_RUNPATH_SEARCH_PATHS = (
					"$(inherited)",
					"@executable_path/Frameworks",
				);
				MARKETING_VERSION = 1.0;
				PRODUCT_BUNDLE_IDENTIFIER = com.longerdays.app;
				PRODUCT_NAME = "$(TARGET_NAME)";
				SWIFT_EMIT_LOC_STRINGS = YES;
				SWIFT_VERSION = 5.0;
				TARGETED_DEVICE_FAMILY = "1,2";
			};
			name = Release;
		};
/* End XCBuildConfiguration section */

/* Begin XCConfigurationList section */
		A1000028266B0001000A0001 /* Build configuration list for PBXNativeTarget "LongerDays" */ = {
			isa = XCConfigurationList;
			buildConfigurations = (
				A100002E266B0001000A0001 /* Debug */,
				A100002F266B0001000A0001 /* Release */,
			);
			defaultConfigurationIsVisible = 0;
			defaultConfigurationName = Release;
		};
		A100002B266B0001000A0001 /* Build configuration list for PBXProject "LongerDays" */ = {
			isa = XCConfigurationList;
			buildConfigurations = (
				A100002C266B0001000A0001 /* Debug */,
				A100002D266B0001000A0001 /* Release */,
			);
			defaultConfigurationIsVisible = 0;
			defaultConfigurationName = Release;
		};
/* End XCConfigurationList section */
	};
	rootObject = A100002A266B0001000A0001 /* Project object */;
}
